
Microsoft Visual Studio Solution File, Format Version 12.00
# Visual Studio Version 17
VisualStudioVersion = 17.9.34902.65
MinimumVisualStudioVersion = 10.0.40219.1
Project("{FAE04EC0-301F-11D3-BF4B-00C04F79EFBC}") = "Vestillo.IDFace", "Vestillo.IDFace\Vestillo.IDFace.csproj", "{FD965B55-2DEA-48F3-AB40-DA6981049D9E}"
EndProject
Project("{FAE04EC0-301F-11D3-BF4B-00C04F79EFBC}") = "Vestillo.IDFace.App", "Vestillo.IDFace.App\Vestillo.IDFace.App.csproj", "{175D0B9F-730F-49B9-B638-E341DE165A76}"
EndProject
Project("{FAE04EC0-301F-11D3-BF4B-00C04F79EFBC}") = "Vestillo.IDFace.Service", "Vestillo.IDFace.Service\Vestillo.IDFace.Service.csproj", "{D77E418B-02B4-454C-A64E-DAE02AF66C3F}"
EndProject
Global
	GlobalSection(SolutionConfigurationPlatforms) = preSolution
		Debug|Any CPU = Debug|Any CPU
		Release|Any CPU = Release|Any CPU
	EndGlobalSection
	GlobalSection(ProjectConfigurationPlatforms) = postSolution
		{FD965B55-2DEA-48F3-AB40-DA6981049D9E}.Debug|Any CPU.ActiveCfg = Debug|Any CPU
		{FD965B55-2DEA-48F3-AB40-DA6981049D9E}.Debug|Any CPU.Build.0 = Debug|Any CPU
		{FD965B55-2DEA-48F3-AB40-DA6981049D9E}.Release|Any CPU.ActiveCfg = Release|Any CPU
		{FD965B55-2DEA-48F3-AB40-DA6981049D9E}.Release|Any CPU.Build.0 = Release|Any CPU
		{175D0B9F-730F-49B9-B638-E341DE165A76}.Debug|Any CPU.ActiveCfg = Debug|Any CPU
		{175D0B9F-730F-49B9-B638-E341DE165A76}.Debug|Any CPU.Build.0 = Debug|Any CPU
		{175D0B9F-730F-49B9-B638-E341DE165A76}.Release|Any CPU.ActiveCfg = Release|Any CPU
		{175D0B9F-730F-49B9-B638-E341DE165A76}.Release|Any CPU.Build.0 = Release|Any CPU
		{D77E418B-02B4-454C-A64E-DAE02AF66C3F}.Debug|Any CPU.ActiveCfg = Debug|Any CPU
		{D77E418B-02B4-454C-A64E-DAE02AF66C3F}.Debug|Any CPU.Build.0 = Debug|Any CPU
		{D77E418B-02B4-454C-A64E-DAE02AF66C3F}.Release|Any CPU.ActiveCfg = Release|Any CPU
		{D77E418B-02B4-454C-A64E-DAE02AF66C3F}.Release|Any CPU.Build.0 = Release|Any CPU
	EndGlobalSection
	GlobalSection(SolutionProperties) = preSolution
		HideSolutionNode = FALSE
	EndGlobalSection
	GlobalSection(ExtensibilityGlobals) = postSolution
		SolutionGuid = {4857E2BE-00D8-447E-A46B-DE8BA0047DE2}
	EndGlobalSection
EndGlobal
