
Microsoft Visual Studio Solution File, Format Version 12.00
# Visual Studio Version 16
VisualStudioVersion = 16.0.34407.143
MinimumVisualStudioVersion = 10.0.40219.1
Project("{FAE04EC0-301F-11D3-BF4B-00C04F79EFBC}") = "Vestillo.IDFace", "Vestillo.IDFace\Vestillo.IDFace.csproj", "{FD965B55-2DEA-48F3-AB40-DA6981049D9E}"
EndProject
Global
	GlobalSection(SolutionConfigurationPlatforms) = preSolution
		Debug|Any CPU = Debug|Any CPU
		Release|Any CPU = Release|Any CPU
	EndGlobalSection
	GlobalSection(ProjectConfigurationPlatforms) = postSolution
		{FD965B55-2DEA-48F3-AB40-DA6981049D9E}.Debug|Any CPU.ActiveCfg = Debug|Any CPU
		{FD965B55-2DEA-48F3-AB40-DA6981049D9E}.Debug|Any CPU.Build.0 = Debug|Any CPU
		{FD965B55-2DEA-48F3-AB40-DA6981049D9E}.Release|Any CPU.ActiveCfg = Release|Any CPU
		{FD965B55-2DEA-48F3-AB40-DA6981049D9E}.Release|Any CPU.Build.0 = Release|Any CPU
	EndGlobalSection
	GlobalSection(SolutionProperties) = preSolution
		HideSolutionNode = FALSE
	EndGlobalSection
	GlobalSection(ExtensibilityGlobals) = postSolution
		SolutionGuid = {4857E2BE-00D8-447E-A46B-DE8BA0047DE2}
	EndGlobalSection
EndGlobal
